
Microsoft Visual Studio Solution File, Format Version 12.00
# Visual Studio 15
Project("{FAE04EC0-301F-11D3-BF4B-00C04F79EFBC}") = "ShoppingCart.WebUI", "ShoppingCart.WebUI\ShoppingCart.WebUI.csproj", "{0CBC8302-5AF9-4853-8888-CFAABE8D259A}"
EndProject
Project("{FAE04EC0-301F-11D3-BF4B-00C04F79EFBC}") = "ShoppingCart.Domain", "ShoppingCart.Domain\ShoppingCart.Domain.csproj", "{B39D0D7C-9BA9-4E78-A63E-7D97AD30820C}"
EndProject
Global
	GlobalSection(SolutionConfigurationPlatforms) = preSolution
		Debug|Any CPU = Debug|Any CPU
		Release|Any CPU = Release|Any CPU
	EndGlobalSection
	GlobalSection(ProjectConfigurationPlatforms) = postSolution
		{0CBC8302-5AF9-4853-8888-CFAABE8D259A}.Debug|Any CPU.ActiveCfg = Debug|Any CPU
		{0CBC8302-5AF9-4853-8888-CFAABE8D259A}.Debug|Any CPU.Build.0 = Debug|Any CPU
		{0CBC8302-5AF9-4853-8888-CFAABE8D259A}.Release|Any CPU.ActiveCfg = Release|Any CPU
		{0CBC8302-5AF9-4853-8888-CFAABE8D259A}.Release|Any CPU.Build.0 = Release|Any CPU
		{B39D0D7C-9BA9-4E78-A63E-7D97AD30820C}.Debug|Any CPU.ActiveCfg = Debug|Any CPU
		{B39D0D7C-9BA9-4E78-A63E-7D97AD30820C}.Debug|Any CPU.Build.0 = Debug|Any CPU
		{B39D0D7C-9BA9-4E78-A63E-7D97AD30820C}.Release|Any CPU.ActiveCfg = Release|Any CPU
		{B39D0D7C-9BA9-4E78-A63E-7D97AD30820C}.Release|Any CPU.Build.0 = Release|Any CPU
	EndGlobalSection
EndGlobal
